<?xml version="1.0" encoding="utf-8"?>
<Project ToolsVersion="4.0" xmlns="http://schemas.microsoft.com/developer/msbuild/2003">
  <ItemGroup>
    <Filter Include="src">
      <UniqueIdentifier>{4dc5b192-32ce-46b3-adf5-7fd0f48c5bbd}</UniqueIdentifier>
    </Filter>
    <Filter Include="assets">
      <UniqueIdentifier>{c59a0869-b3c5-4108-b3d6-331094ffe71c}</UniqueIdentifier>
    </Filter>
    <Filter Include="assets\textures">
      <UniqueIdentifier>{a0ef5ed1-9c15-441d-badd-463fdea7c92b}</UniqueIdentifier>
    </Filter>
    <Filter Include="assets\shaders">
      <UniqueIdentifier>{e8ceb761-a572-4d6a-bc6b-37de6a502c73}</UniqueIdentifier>
    </Filter>
    <Filter Include="assets\textures\src">
      <UniqueIdentifier>{c18b6fe9-c285-4dd8-ab90-7d9bf2276ee0}</UniqueIdentifier>
    </Filter>
  </ItemGroup>
  <ItemGroup>
    <ClCompile Include="src\SandBoxApp.cpp">
      <Filter>src</Filter>
    </ClCompile>
  </ItemGroup>
  <ItemGroup>
    <Image Include="assets\textures\UV_check.png">
      <Filter>assets\textures</Filter>
    </Image>
    <Image Include="assets\textures\disney.png">
      <Filter>assets\textures</Filter>
    </Image>
    <Image Include="assets\textures\src\pixelW.png">
      <Filter>assets\textures\src</Filter>
    </Image>
    <Image Include="assets\textures\src\pixelB.png">
      <Filter>assets\textures\src</Filter>
    </Image>
  </ItemGroup>
  <ItemGroup>
    <None Include="assets\shaders\FlatColor.glsl">
      <Filter>assets\shaders</Filter>
    </None>
    <None Include="assets\shaders\Texture2D.glsl">
      <Filter>assets\shaders</Filter>
    </None>
    <None Include="assets\shaders\Default.glsl">
      <Filter>assets\shaders</Filter>
    </None>
  </ItemGroup>
</Project>