<?xml version="1.0" encoding="utf-8"?>
<Project ToolsVersion="4.0" xmlns="http://schemas.microsoft.com/developer/msbuild/2003">
  <ItemGroup>
    <Filter Include="Blocks">
      <UniqueIdentifier>{2366B4A9-0F08-DF7F-F8C2-F2D3E40366D0}</UniqueIdentifier>
    </Filter>
  </ItemGroup>
  <ItemGroup>
    <ClInclude Include="src\Blocks\Block.h">
      <Filter>Blocks</Filter>
    </ClInclude>
    <ClInclude Include="src\Sandbox.h" />
  </ItemGroup>
  <ItemGroup>
    <ClCompile Include="src\Blocks\Block.cpp">
      <Filter>Blocks</Filter>
    </ClCompile>
    <ClCompile Include="src\SandBoxApp.cpp" />
  </ItemGroup>
</Project>