<?xml version="1.0" encoding="utf-8"?>
<Project ToolsVersion="4.0" xmlns="http://schemas.microsoft.com/developer/msbuild/2003">
  <ItemGroup>
    <Filter Include="SVO">
      <UniqueIdentifier>{5D1F880B-C928-887C-52A4-9E7CBEAC937C}</UniqueIdentifier>
    </Filter>
  </ItemGroup>
  <ItemGroup>
    <ClInclude Include="src\OcTree.h" />
    <ClInclude Include="src\SVO\Node.h">
      <Filter>SVO</Filter>
    </ClInclude>
    <ClInclude Include="src\SVO\OctreeBuilder.h">
      <Filter>SVO</Filter>
    </ClInclude>
  </ItemGroup>
  <ItemGroup>
    <ClCompile Include="src\SVO\Node.cpp">
      <Filter>SVO</Filter>
    </ClCompile>
    <ClCompile Include="src\SVO\OctreeBuilder.cpp">
      <Filter>SVO</Filter>
    </ClCompile>
  </ItemGroup>
</Project>