<?xml version="1.0" encoding="utf-8"?>
<Project ToolsVersion="4.0" xmlns="http://schemas.microsoft.com/developer/msbuild/2003">
  <ItemGroup>
    <Filter Include="GameEngine">
      <UniqueIdentifier>{D54F7917-C107-BB64-2A0F-94C016E65555}</UniqueIdentifier>
    </Filter>
    <Filter Include="GameEngine\Events">
      <UniqueIdentifier>{193A4684-8550-441A-CEC7-CF3B3A1D15A2}</UniqueIdentifier>
    </Filter>
    <Filter Include="GameEngine\Layer">
      <UniqueIdentifier>{611866C6-4D11-8518-7643-6A9D629B6424}</UniqueIdentifier>
    </Filter>
    <Filter Include="GameEngine\Renderer">
      <UniqueIdentifier>{1B33B8A5-8794-95B3-1002-DC657C62CC72}</UniqueIdentifier>
    </Filter>
    <Filter Include="GameEngine\imGui">
      <UniqueIdentifier>{DFA078C8-CB99-971A-F4CB-7C9FE0237726}</UniqueIdentifier>
    </Filter>
    <Filter Include="Plateform">
      <UniqueIdentifier>{CF988A45-3B03-3FBC-8441-F061F0EA1C11}</UniqueIdentifier>
    </Filter>
    <Filter Include="Plateform\OpenGl">
      <UniqueIdentifier>{43634768-2F5C-66BA-588E-4B3F44E645C6}</UniqueIdentifier>
    </Filter>
    <Filter Include="Plateform\Windows">
      <UniqueIdentifier>{09A24FC9-75B8-4D5F-BE2F-D9802A851EE7}</UniqueIdentifier>
    </Filter>
  </ItemGroup>
  <ItemGroup>
    <ClInclude Include="src\GameEngine.h" />
    <ClInclude Include="src\GameEngine\Application.h">
      <Filter>GameEngine</Filter>
    </ClInclude>
    <ClInclude Include="src\GameEngine\Core.h">
      <Filter>GameEngine</Filter>
    </ClInclude>
    <ClInclude Include="src\GameEngine\EntryPoint.h">
      <Filter>GameEngine</Filter>
    </ClInclude>
    <ClInclude Include="src\GameEngine\Events\ApplicationEvent.h">
      <Filter>GameEngine\Events</Filter>
    </ClInclude>
    <ClInclude Include="src\GameEngine\Events\Event.h">
      <Filter>GameEngine\Events</Filter>
    </ClInclude>
    <ClInclude Include="src\GameEngine\Events\KeyEvent.h">
      <Filter>GameEngine\Events</Filter>
    </ClInclude>
    <ClInclude Include="src\GameEngine\Events\MouseEvent.h">
      <Filter>GameEngine\Events</Filter>
    </ClInclude>
    <ClInclude Include="src\GameEngine\IInput.h">
      <Filter>GameEngine</Filter>
    </ClInclude>
    <ClInclude Include="src\GameEngine\IWindow.h">
      <Filter>GameEngine</Filter>
    </ClInclude>
    <ClInclude Include="src\GameEngine\KeyCodes.h">
      <Filter>GameEngine</Filter>
    </ClInclude>
    <ClInclude Include="src\GameEngine\Layer\ILayer.h">
      <Filter>GameEngine\Layer</Filter>
    </ClInclude>
    <ClInclude Include="src\GameEngine\Layer\LayerStack.h">
      <Filter>GameEngine\Layer</Filter>
    </ClInclude>
    <ClInclude Include="src\GameEngine\Log.h">
      <Filter>GameEngine</Filter>
    </ClInclude>
    <ClInclude Include="src\GameEngine\MouseButtonCodes.h">
      <Filter>GameEngine</Filter>
    </ClInclude>
    <ClInclude Include="src\GameEngine\Renderer\Buffer.h">
      <Filter>GameEngine\Renderer</Filter>
    </ClInclude>
    <ClInclude Include="src\GameEngine\Renderer\IGraphicsContext.h">
      <Filter>GameEngine\Renderer</Filter>
    </ClInclude>
    <ClInclude Include="src\GameEngine\Renderer\IRendererAPI.h">
      <Filter>GameEngine\Renderer</Filter>
    </ClInclude>
    <ClInclude Include="src\GameEngine\Renderer\IVertexArray.h">
      <Filter>GameEngine\Renderer</Filter>
    </ClInclude>
    <ClInclude Include="src\GameEngine\Renderer\OrtographicCamera.h">
      <Filter>GameEngine\Renderer</Filter>
    </ClInclude>
    <ClInclude Include="src\GameEngine\Renderer\RenderCommand.h">
      <Filter>GameEngine\Renderer</Filter>
    </ClInclude>
    <ClInclude Include="src\GameEngine\Renderer\Renderer.h">
      <Filter>GameEngine\Renderer</Filter>
    </ClInclude>
    <ClInclude Include="src\GameEngine\Renderer\Shader.h">
      <Filter>GameEngine\Renderer</Filter>
    </ClInclude>
    <ClInclude Include="src\GameEngine\imGui\imGuiLayer.h">
      <Filter>GameEngine\imGui</Filter>
    </ClInclude>
    <ClInclude Include="src\Plateform\OpenGl\OpenGLContext.h">
      <Filter>Plateform\OpenGl</Filter>
    </ClInclude>
    <ClInclude Include="src\Plateform\OpenGl\OpenGLRendererAPI.h">
      <Filter>Plateform\OpenGl</Filter>
    </ClInclude>
    <ClInclude Include="src\Plateform\OpenGl\OpenGLVertexArray.h">
      <Filter>Plateform\OpenGl</Filter>
    </ClInclude>
    <ClInclude Include="src\Plateform\OpenGl\OpenGlBuffer.h">
      <Filter>Plateform\OpenGl</Filter>
    </ClInclude>
    <ClInclude Include="src\Plateform\Windows\WindowsInput.h">
      <Filter>Plateform\Windows</Filter>
    </ClInclude>
    <ClInclude Include="src\Plateform\Windows\WindowsWindow.h">
      <Filter>Plateform\Windows</Filter>
    </ClInclude>
    <ClInclude Include="src\hzpch.h" />
  </ItemGroup>
  <ItemGroup>
    <ClCompile Include="src\GameEngine\Application.cpp">
      <Filter>GameEngine</Filter>
    </ClCompile>
    <ClCompile Include="src\GameEngine\Layer\ILayer.cpp">
      <Filter>GameEngine\Layer</Filter>
    </ClCompile>
    <ClCompile Include="src\GameEngine\Layer\LayerStack.cpp">
      <Filter>GameEngine\Layer</Filter>
    </ClCompile>
    <ClCompile Include="src\GameEngine\Log.cpp">
      <Filter>GameEngine</Filter>
    </ClCompile>
    <ClCompile Include="src\GameEngine\Renderer\Buffer.cpp">
      <Filter>GameEngine\Renderer</Filter>
    </ClCompile>
    <ClCompile Include="src\GameEngine\Renderer\IRendererAPI.cpp">
      <Filter>GameEngine\Renderer</Filter>
    </ClCompile>
    <ClCompile Include="src\GameEngine\Renderer\IVertexArray.cpp">
      <Filter>GameEngine\Renderer</Filter>
    </ClCompile>
    <ClCompile Include="src\GameEngine\Renderer\OrtographicCamera.cpp">
      <Filter>GameEngine\Renderer</Filter>
    </ClCompile>
    <ClCompile Include="src\GameEngine\Renderer\RenderCommand.cpp">
      <Filter>GameEngine\Renderer</Filter>
    </ClCompile>
    <ClCompile Include="src\GameEngine\Renderer\Renderer.cpp">
      <Filter>GameEngine\Renderer</Filter>
    </ClCompile>
    <ClCompile Include="src\GameEngine\Renderer\Shader.cpp">
      <Filter>GameEngine\Renderer</Filter>
    </ClCompile>
    <ClCompile Include="src\GameEngine\imGui\ImGuiBuild.cpp">
      <Filter>GameEngine\imGui</Filter>
    </ClCompile>
    <ClCompile Include="src\GameEngine\imGui\imGuiLayer.cpp">
      <Filter>GameEngine\imGui</Filter>
    </ClCompile>
    <ClCompile Include="src\Plateform\OpenGl\OpenGLContext.cpp">
      <Filter>Plateform\OpenGl</Filter>
    </ClCompile>
    <ClCompile Include="src\Plateform\OpenGl\OpenGLRendererAPI.cpp">
      <Filter>Plateform\OpenGl</Filter>
    </ClCompile>
    <ClCompile Include="src\Plateform\OpenGl\OpenGLVertexArray.cpp">
      <Filter>Plateform\OpenGl</Filter>
    </ClCompile>
    <ClCompile Include="src\Plateform\OpenGl\OpenGlBuffer.cpp">
      <Filter>Plateform\OpenGl</Filter>
    </ClCompile>
    <ClCompile Include="src\Plateform\Windows\WindowsInput.cpp">
      <Filter>Plateform\Windows</Filter>
    </ClCompile>
    <ClCompile Include="src\Plateform\Windows\WindowsWindow.cpp">
      <Filter>Plateform\Windows</Filter>
    </ClCompile>
    <ClCompile Include="src\hzpch.cpp" />
  </ItemGroup>
</Project>